
Microsoft Visual Studio Solution File, Format Version 12.00
# Visual Studio Version 17
VisualStudioVersion = 17.8.34511.84
MinimumVisualStudioVersion = 10.0.40219.1
Project("{9A19103F-16F7-4668-BE54-9A1E7A4F7556}") = "UnitTestWebExample.Web", "UnitTestWebExample.Web\UnitTestWebExample.Web.csproj", "{0167EFC4-2A55-4087-84CE-1983FC604306}"
EndProject
Project("{FAE04EC0-301F-11D3-BF4B-00C04F79EFBC}") = "UnitTestWebExample.Test", "UnitTestWebExample.Test\UnitTestWebExample.Test.csproj", "{E0AEBE28-2CB9-4F2C-B051-344D591ECA56}"
EndProject
Global
	GlobalSection(SolutionConfigurationPlatforms) = preSolution
		Debug|Any CPU = Debug|Any CPU
		Release|Any CPU = Release|Any CPU
	EndGlobalSection
	GlobalSection(ProjectConfigurationPlatforms) = postSolution
		{0167EFC4-2A55-4087-84CE-1983FC604306}.Debug|Any CPU.ActiveCfg = Debug|Any CPU
		{0167EFC4-2A55-4087-84CE-1983FC604306}.Debug|Any CPU.Build.0 = Debug|Any CPU
		{0167EFC4-2A55-4087-84CE-1983FC604306}.Release|Any CPU.ActiveCfg = Release|Any CPU
		{0167EFC4-2A55-4087-84CE-1983FC604306}.Release|Any CPU.Build.0 = Release|Any CPU
		{E0AEBE28-2CB9-4F2C-B051-344D591ECA56}.Debug|Any CPU.ActiveCfg = Debug|Any CPU
		{E0AEBE28-2CB9-4F2C-B051-344D591ECA56}.Debug|Any CPU.Build.0 = Debug|Any CPU
		{E0AEBE28-2CB9-4F2C-B051-344D591ECA56}.Release|Any CPU.ActiveCfg = Release|Any CPU
		{E0AEBE28-2CB9-4F2C-B051-344D591ECA56}.Release|Any CPU.Build.0 = Release|Any CPU
	EndGlobalSection
	GlobalSection(SolutionProperties) = preSolution
		HideSolutionNode = FALSE
	EndGlobalSection
	GlobalSection(ExtensibilityGlobals) = postSolution
		SolutionGuid = {872AB706-5ED3-4BCB-9620-41F74D4CDADE}
	EndGlobalSection
EndGlobal
