
Microsoft Visual Studio Solution File, Format Version 12.00
# Visual Studio Version 17
VisualStudioVersion = 17.8.34511.84
MinimumVisualStudioVersion = 10.0.40219.1
Project("{FAE04EC0-301F-11D3-BF4B-00C04F79EFBC}") = "UnitTest.APP", "UnitTest.APP\UnitTest.APP.csproj", "{1BFD57D1-849E-4686-8E52-F566FD10076D}"
EndProject
Project("{FAE04EC0-301F-11D3-BF4B-00C04F79EFBC}") = "UnitTest.Test", "UnitTest.Test\UnitTest.Test.csproj", "{CEB7844B-D8D9-405E-AC21-1539726C2922}"
EndProject
Global
	GlobalSection(SolutionConfigurationPlatforms) = preSolution
		Debug|Any CPU = Debug|Any CPU
		Release|Any CPU = Release|Any CPU
	EndGlobalSection
	GlobalSection(ProjectConfigurationPlatforms) = postSolution
		{1BFD57D1-849E-4686-8E52-F566FD10076D}.Debug|Any CPU.ActiveCfg = Debug|Any CPU
		{1BFD57D1-849E-4686-8E52-F566FD10076D}.Debug|Any CPU.Build.0 = Debug|Any CPU
		{1BFD57D1-849E-4686-8E52-F566FD10076D}.Release|Any CPU.ActiveCfg = Release|Any CPU
		{1BFD57D1-849E-4686-8E52-F566FD10076D}.Release|Any CPU.Build.0 = Release|Any CPU
		{CEB7844B-D8D9-405E-AC21-1539726C2922}.Debug|Any CPU.ActiveCfg = Debug|Any CPU
		{CEB7844B-D8D9-405E-AC21-1539726C2922}.Debug|Any CPU.Build.0 = Debug|Any CPU
		{CEB7844B-D8D9-405E-AC21-1539726C2922}.Release|Any CPU.ActiveCfg = Release|Any CPU
		{CEB7844B-D8D9-405E-AC21-1539726C2922}.Release|Any CPU.Build.0 = Release|Any CPU
	EndGlobalSection
	GlobalSection(SolutionProperties) = preSolution
		HideSolutionNode = FALSE
	EndGlobalSection
	GlobalSection(ExtensibilityGlobals) = postSolution
		SolutionGuid = {CC09F06B-7001-4E4E-955D-45DC61B4E5D0}
	EndGlobalSection
EndGlobal
